lockfileVersion: '6.0'

settings:
  autoInstallPeers: true
  excludeLinksFromLockfile: false

devDependencies:
  bun-types:
    specifier: latest
    version: 1.0.13

packages:

  /bun-types@1.0.13:
    resolution: {integrity: sha512-QQH6NLAOU+2tWgQuDSAYBFy+kQwVhPJLB0Q38QLjCmFUZJEYCiiq7tzvU784LAIX2onzO6gr+gIGXt8yCt0cJw==}
    dev: true
